<?xml version="1.0" encoding="utf-8"?>
<Project ToolsVersion="4.0" xmlns="http://schemas.microsoft.com/developer/msbuild/2003">
  <ItemGroup>
    <Filter Include="소스 파일">
      <UniqueIdentifier>{4FC737F1-C7A5-4376-A066-2A32D752A2FF}</UniqueIdentifier>
      <Extensions>cpp;c;cc;cxx;c++;cppm;ixx;def;odl;idl;hpj;bat;asm;asmx</Extensions>
    </Filter>
    <Filter Include="헤더 파일">
      <UniqueIdentifier>{93995380-89BD-4b04-88EB-625FBE52EBFB}</UniqueIdentifier>
      <Extensions>h;hh;hpp;hxx;h++;hm;inl;inc;ipp;xsd</Extensions>
    </Filter>
    <Filter Include="리소스 파일">
      <UniqueIdentifier>{67DA6AB6-F800-4c08-8B7A-83BB121AAD01}</UniqueIdentifier>
      <Extensions>rc;ico;cur;bmp;dlg;rc2;rct;bin;rgs;gif;jpg;jpeg;jpe;resx;tiff;tif;png;wav;mfcribbon-ms</Extensions>
    </Filter>
    <Filter Include="01. Core">
      <UniqueIdentifier>{f4793a6c-7726-4200-a30e-c391d32464ac}</UniqueIdentifier>
    </Filter>
    <Filter Include="02. Scene">
      <UniqueIdentifier>{28d7b194-47cb-4010-9433-9ffcbdccc239}</UniqueIdentifier>
    </Filter>
    <Filter Include="02. Scene\01. Scenes">
      <UniqueIdentifier>{a8dc59ea-3d9d-4610-ae15-a6d04ed74f78}</UniqueIdentifier>
    </Filter>
    <Filter Include="02. Scene\02. Layer">
      <UniqueIdentifier>{713023b6-8336-490a-aff2-450f9ef5deca}</UniqueIdentifier>
    </Filter>
    <Filter Include="01. Core\01. Timer">
      <UniqueIdentifier>{167b085b-ac80-4af8-b070-6c1525a9770f}</UniqueIdentifier>
    </Filter>
    <Filter Include="03. Object">
      <UniqueIdentifier>{62140395-2017-4e5c-befb-8a59776adc78}</UniqueIdentifier>
    </Filter>
    <Filter Include="03. Object\01. MoveObj">
      <UniqueIdentifier>{b5601f19-5abe-4b03-a327-7377dc38f6d8}</UniqueIdentifier>
    </Filter>
    <Filter Include="03. Object\01. MoveObj\01. Creature">
      <UniqueIdentifier>{9f5ca6f0-5ea7-4405-9f11-bec2c5faf44f}</UniqueIdentifier>
    </Filter>
    <Filter Include="03. Object\01. MoveObj\01. Creature\01. Player">
      <UniqueIdentifier>{51feb440-d12a-4d6f-b354-8d456b36a163}</UniqueIdentifier>
    </Filter>
    <Filter Include="03. Object\01. MoveObj\02. Bullet">
      <UniqueIdentifier>{f3935658-cb69-4849-9f76-14c6cba0fdbb}</UniqueIdentifier>
    </Filter>
    <Filter Include="01. Core\02. Input">
      <UniqueIdentifier>{7f3de982-b649-48e3-964c-77ceaa1b2d2c}</UniqueIdentifier>
    </Filter>
    <Filter Include="04. Resources">
      <UniqueIdentifier>{32d29c78-f007-4663-a75d-c54ed744dd92}</UniqueIdentifier>
    </Filter>
    <Filter Include="01. Core\03. Path">
      <UniqueIdentifier>{ecaac4ee-4f34-4692-b469-696af81f7c83}</UniqueIdentifier>
    </Filter>
    <Filter Include="03. Object\02. StaticObj">
      <UniqueIdentifier>{a3a4ac55-43a6-495e-b592-9e59abfdab63}</UniqueIdentifier>
    </Filter>
    <Filter Include="03. Object\02. StaticObj\01. Background">
      <UniqueIdentifier>{946ba065-8693-4783-b89d-735974e984a9}</UniqueIdentifier>
    </Filter>
    <Filter Include="01. Core\04. Camera">
      <UniqueIdentifier>{e38ca97f-83f9-46ca-89c3-93f9976ff701}</UniqueIdentifier>
    </Filter>
    <Filter Include="05. Animation">
      <UniqueIdentifier>{297d3b9c-56fd-4676-891a-2ca6deef15e7}</UniqueIdentifier>
    </Filter>
    <Filter Include="06. Collider">
      <UniqueIdentifier>{e6f08290-c258-41c4-925d-3b0a61b83bf9}</UniqueIdentifier>
    </Filter>
    <Filter Include="06. Collider\01. Colliders">
      <UniqueIdentifier>{b7093232-8985-4cf6-b081-e6f8a98c68d7}</UniqueIdentifier>
    </Filter>
    <Filter Include="03. Object\02. StaticObj\02. Ground">
      <UniqueIdentifier>{a1f15826-4384-45cc-b8a0-e132b68f4407}</UniqueIdentifier>
    </Filter>
    <Filter Include="03. Object\02. StaticObj\03. Platform">
      <UniqueIdentifier>{06fb3254-8555-448d-a374-7decf9be9f3c}</UniqueIdentifier>
    </Filter>
    <Filter Include="03. Object\02. StaticObj\04. TilePlatform">
      <UniqueIdentifier>{5ad74f3f-e97f-4dd5-88c1-8f5ecc6f1c1b}</UniqueIdentifier>
    </Filter>
    <Filter Include="03. Object\03. UIObj">
      <UniqueIdentifier>{8178d3ce-bd75-451d-99d0-1e8e2a7de3c8}</UniqueIdentifier>
    </Filter>
    <Filter Include="03. Object\03. UIObj\01. Mouse">
      <UniqueIdentifier>{aa37b55a-d27b-4ae9-9f17-f93dd3d60654}</UniqueIdentifier>
    </Filter>
    <Filter Include="03. Object\03. UIObj\02. UIButton">
      <UniqueIdentifier>{df01aee1-14c6-4776-8cb5-6aafccebc95c}</UniqueIdentifier>
    </Filter>
    <Filter Include="03. Object\03. UIObj\03. UIPanel">
      <UniqueIdentifier>{b773fea9-d641-4561-99b7-49031598d4ae}</UniqueIdentifier>
    </Filter>
    <Filter Include="03. Object\02. StaticObj\04. TilePlatform\01. Obstacles">
      <UniqueIdentifier>{53b63c5e-9a33-416e-b112-10a00e9760d0}</UniqueIdentifier>
    </Filter>
    <Filter Include="03. Object\02. StaticObj\05. Interactive">
      <UniqueIdentifier>{03d744ad-a015-40a8-882e-38a55fb99a1c}</UniqueIdentifier>
    </Filter>
    <Filter Include="01. Core\05. Math">
      <UniqueIdentifier>{5f7435bc-6ced-471f-8477-ebf21447c634}</UniqueIdentifier>
    </Filter>
    <Filter Include="03. Object\03. UIObj\04. InGameUI">
      <UniqueIdentifier>{ab2b5f44-c36d-4b56-8251-c06df638324b}</UniqueIdentifier>
    </Filter>
    <Filter Include="03. Object\03. UIObj\04. InGameUI\01. Score">
      <UniqueIdentifier>{2f3fabd0-15f3-4bc4-b201-a175072cf12f}</UniqueIdentifier>
    </Filter>
    <Filter Include="03. Object\03. UIObj\04. InGameUI\02. PlayerLife">
      <UniqueIdentifier>{d50e8974-6322-4c38-b2b6-3a8e221d45fa}</UniqueIdentifier>
    </Filter>
    <Filter Include="03. Object\02. StaticObj\06. StageClear">
      <UniqueIdentifier>{d9e9926c-3d21-4be0-943c-ebf617fdcb8a}</UniqueIdentifier>
    </Filter>
    <Filter Include="07. Sound">
      <UniqueIdentifier>{b9718fcb-c942-4db9-b879-30690cf81dbf}</UniqueIdentifier>
    </Filter>
  </ItemGroup>
  <ItemGroup>
    <ClCompile Include="main.cpp">
      <Filter>소스 파일</Filter>
    </ClCompile>
    <ClCompile Include="Core.cpp">
      <Filter>01. Core</Filter>
    </ClCompile>
    <ClCompile Include="Ref.cpp">
      <Filter>01. Core</Filter>
    </ClCompile>
    <ClCompile Include="Object\Obj.cpp">
      <Filter>03. Object</Filter>
    </ClCompile>
    <ClCompile Include="Scene\Layer.cpp">
      <Filter>02. Scene\02. Layer</Filter>
    </ClCompile>
    <ClCompile Include="Scene\Scene.cpp">
      <Filter>02. Scene</Filter>
    </ClCompile>
    <ClCompile Include="Core\Timer.cpp">
      <Filter>01. Core\01. Timer</Filter>
    </ClCompile>
    <ClCompile Include="Scene\SceneManager.cpp">
      <Filter>02. Scene</Filter>
    </ClCompile>
    <ClCompile Include="Scene\TestScene.cpp">
      <Filter>02. Scene\01. Scenes</Filter>
    </ClCompile>
    <ClCompile Include="Object\MoveObj.cpp">
      <Filter>03. Object\01. MoveObj</Filter>
    </ClCompile>
    <ClCompile Include="Object\Creature.cpp">
      <Filter>03. Object\01. MoveObj\01. Creature</Filter>
    </ClCompile>
    <ClCompile Include="Object\Player.cpp">
      <Filter>03. Object\01. MoveObj\01. Creature\01. Player</Filter>
    </ClCompile>
    <ClCompile Include="Core\CInput.cpp">
      <Filter>01. Core\02. Input</Filter>
    </ClCompile>
    <ClCompile Include="Resources\ResourcesManager.cpp">
      <Filter>04. Resources</Filter>
    </ClCompile>
    <ClCompile Include="Resources\Texture.cpp">
      <Filter>04. Resources</Filter>
    </ClCompile>
    <ClCompile Include="Core\PathManager.cpp">
      <Filter>01. Core\03. Path</Filter>
    </ClCompile>
    <ClCompile Include="Object\StaticObj.cpp">
      <Filter>03. Object\02. StaticObj</Filter>
    </ClCompile>
    <ClCompile Include="Object\TestBackground.cpp">
      <Filter>03. Object\02. StaticObj\01. Background</Filter>
    </ClCompile>
    <ClCompile Include="Core\Camera.cpp">
      <Filter>01. Core\04. Camera</Filter>
    </ClCompile>
    <ClCompile Include="Animation\Animation.cpp">
      <Filter>05. Animation</Filter>
    </ClCompile>
    <ClCompile Include="Collider\Collider.cpp">
      <Filter>06. Collider</Filter>
    </ClCompile>
    <ClCompile Include="Collider\ColliderRect.cpp">
      <Filter>06. Collider\01. Colliders</Filter>
    </ClCompile>
    <ClCompile Include="Collider\CollisionManager.cpp">
      <Filter>06. Collider</Filter>
    </ClCompile>
    <ClCompile Include="Object\Ground.cpp">
      <Filter>03. Object\02. StaticObj\02. Ground</Filter>
    </ClCompile>
    <ClCompile Include="Object\TestPlatform.cpp">
      <Filter>03. Object\02. StaticObj\03. Platform</Filter>
    </ClCompile>
    <ClCompile Include="Object\Tile.cpp">
      <Filter>03. Object\02. StaticObj\04. TilePlatform</Filter>
    </ClCompile>
    <ClCompile Include="Object\TilePlatform.cpp">
      <Filter>03. Object\02. StaticObj\04. TilePlatform</Filter>
    </ClCompile>
    <ClCompile Include="Scene\StartScene.cpp">
      <Filter>02. Scene\01. Scenes</Filter>
    </ClCompile>
    <ClCompile Include="Object\UIObj.cpp">
      <Filter>03. Object\03. UIObj</Filter>
    </ClCompile>
    <ClCompile Include="Object\MouseObj.cpp">
      <Filter>03. Object\03. UIObj\01. Mouse</Filter>
    </ClCompile>
    <ClCompile Include="Collider\ColliderPoint.cpp">
      <Filter>06. Collider\01. Colliders</Filter>
    </ClCompile>
    <ClCompile Include="Object\UIPanel.cpp">
      <Filter>03. Object\03. UIObj\03. UIPanel</Filter>
    </ClCompile>
    <ClCompile Include="Object\UIButton.cpp">
      <Filter>03. Object\03. UIObj\02. UIButton</Filter>
    </ClCompile>
    <ClCompile Include="Scene\GameOverScene.cpp">
      <Filter>02. Scene\01. Scenes</Filter>
    </ClCompile>
    <ClCompile Include="Object\Needle.cpp">
      <Filter>03. Object\02. StaticObj\04. TilePlatform\01. Obstacles</Filter>
    </ClCompile>
    <ClCompile Include="Object\Strawberry.cpp">
      <Filter>03. Object\02. StaticObj\05. Interactive</Filter>
    </ClCompile>
    <ClCompile Include="Object\Dashball.cpp">
      <Filter>03. Object\02. StaticObj\05. Interactive</Filter>
    </ClCompile>
    <ClCompile Include="Collider\ColliderCircle.cpp">
      <Filter>06. Collider\01. Colliders</Filter>
    </ClCompile>
    <ClCompile Include="Core\CMath.cpp">
      <Filter>01. Core\05. Math</Filter>
    </ClCompile>
    <ClCompile Include="Object\ScoreUI.cpp">
      <Filter>03. Object\03. UIObj\04. InGameUI\01. Score</Filter>
    </ClCompile>
    <ClCompile Include="Object\NumberUI.cpp">
      <Filter>03. Object\03. UIObj\04. InGameUI\01. Score</Filter>
    </ClCompile>
    <ClCompile Include="Scene\TestSceneTwo.cpp">
      <Filter>02. Scene\01. Scenes</Filter>
    </ClCompile>
    <ClCompile Include="Object\StageClearObj.cpp">
      <Filter>03. Object\02. StaticObj\06. StageClear</Filter>
    </ClCompile>
    <ClCompile Include="Object\PlayerLifeUI.cpp">
      <Filter>03. Object\03. UIObj\04. InGameUI\02. PlayerLife</Filter>
    </ClCompile>
    <ClCompile Include="Object\LifeIcon.cpp">
      <Filter>03. Object\03. UIObj\04. InGameUI\02. PlayerLife</Filter>
    </ClCompile>
    <ClCompile Include="Sound\SoundManager.cpp">
      <Filter>07. Sound</Filter>
    </ClCompile>
  </ItemGroup>
  <ItemGroup>
    <ClInclude Include="Core.h">
      <Filter>01. Core</Filter>
    </ClInclude>
    <ClInclude Include="Game.h">
      <Filter>헤더 파일</Filter>
    </ClInclude>
    <ClInclude Include="Macro.h">
      <Filter>헤더 파일</Filter>
    </ClInclude>
    <ClInclude Include="Types.h">
      <Filter>헤더 파일</Filter>
    </ClInclude>
    <ClInclude Include="resource.h">
      <Filter>헤더 파일</Filter>
    </ClInclude>
    <ClInclude Include="Ref.h">
      <Filter>01. Core</Filter>
    </ClInclude>
    <ClInclude Include="Object\Obj.h">
      <Filter>03. Object</Filter>
    </ClInclude>
    <ClInclude Include="Scene\Layer.h">
      <Filter>02. Scene\02. Layer</Filter>
    </ClInclude>
    <ClInclude Include="Scene\Scene.h">
      <Filter>02. Scene</Filter>
    </ClInclude>
    <ClInclude Include="Core\Timer.h">
      <Filter>01. Core\01. Timer</Filter>
    </ClInclude>
    <ClInclude Include="Scene\SceneManager.h">
      <Filter>02. Scene</Filter>
    </ClInclude>
    <ClInclude Include="Scene\TestScene.h">
      <Filter>02. Scene\01. Scenes</Filter>
    </ClInclude>
    <ClInclude Include="Object\MoveObj.h">
      <Filter>03. Object\01. MoveObj</Filter>
    </ClInclude>
    <ClInclude Include="Object\Creature.h">
      <Filter>03. Object\01. MoveObj\01. Creature</Filter>
    </ClInclude>
    <ClInclude Include="Object\Player.h">
      <Filter>03. Object\01. MoveObj\01. Creature\01. Player</Filter>
    </ClInclude>
    <ClInclude Include="Core\CInput.h">
      <Filter>01. Core\02. Input</Filter>
    </ClInclude>
    <ClInclude Include="Resources\ResourcesManager.h">
      <Filter>04. Resources</Filter>
    </ClInclude>
    <ClInclude Include="Resources\Texture.h">
      <Filter>04. Resources</Filter>
    </ClInclude>
    <ClInclude Include="Core\PathManager.h">
      <Filter>01. Core\03. Path</Filter>
    </ClInclude>
    <ClInclude Include="Object\StaticObj.h">
      <Filter>03. Object\02. StaticObj</Filter>
    </ClInclude>
    <ClInclude Include="Object\TestBackground.h">
      <Filter>03. Object\02. StaticObj\01. Background</Filter>
    </ClInclude>
    <ClInclude Include="Core\Camera.h">
      <Filter>01. Core\04. Camera</Filter>
    </ClInclude>
    <ClInclude Include="Flag.h">
      <Filter>헤더 파일</Filter>
    </ClInclude>
    <ClInclude Include="Animation\Animation.h">
      <Filter>05. Animation</Filter>
    </ClInclude>
    <ClInclude Include="Collider\Collider.h">
      <Filter>06. Collider</Filter>
    </ClInclude>
    <ClInclude Include="Collider\ColliderRect.h">
      <Filter>06. Collider\01. Colliders</Filter>
    </ClInclude>
    <ClInclude Include="Collider\CollisionManager.h">
      <Filter>06. Collider</Filter>
    </ClInclude>
    <ClInclude Include="Object\Ground.h">
      <Filter>03. Object\02. StaticObj\02. Ground</Filter>
    </ClInclude>
    <ClInclude Include="Object\TestPlatform.h">
      <Filter>03. Object\02. StaticObj\03. Platform</Filter>
    </ClInclude>
    <ClInclude Include="Object\Tile.h">
      <Filter>03. Object\02. StaticObj\04. TilePlatform</Filter>
    </ClInclude>
    <ClInclude Include="Object\TilePlatform.h">
      <Filter>03. Object\02. StaticObj\04. TilePlatform</Filter>
    </ClInclude>
    <ClInclude Include="Scene\StartScene.h">
      <Filter>02. Scene\01. Scenes</Filter>
    </ClInclude>
    <ClInclude Include="Object\UIObj.h">
      <Filter>03. Object\03. UIObj</Filter>
    </ClInclude>
    <ClInclude Include="Object\MouseObj.h">
      <Filter>03. Object\03. UIObj\01. Mouse</Filter>
    </ClInclude>
    <ClInclude Include="Collider\ColliderPoint.h">
      <Filter>06. Collider\01. Colliders</Filter>
    </ClInclude>
    <ClInclude Include="Object\UIPanel.h">
      <Filter>03. Object\03. UIObj\03. UIPanel</Filter>
    </ClInclude>
    <ClInclude Include="Object\UIButton.h">
      <Filter>03. Object\03. UIObj\02. UIButton</Filter>
    </ClInclude>
    <ClInclude Include="Scene\GameOverScene.h">
      <Filter>02. Scene\01. Scenes</Filter>
    </ClInclude>
    <ClInclude Include="Object\Needle.h">
      <Filter>03. Object\02. StaticObj\04. TilePlatform\01. Obstacles</Filter>
    </ClInclude>
    <ClInclude Include="Object\Strawberry.h">
      <Filter>03. Object\02. StaticObj\05. Interactive</Filter>
    </ClInclude>
    <ClInclude Include="Object\Dashball.h">
      <Filter>03. Object\02. StaticObj\05. Interactive</Filter>
    </ClInclude>
    <ClInclude Include="Collider\ColliderCircle.h">
      <Filter>06. Collider\01. Colliders</Filter>
    </ClInclude>
    <ClInclude Include="Core\CMath.h">
      <Filter>01. Core\05. Math</Filter>
    </ClInclude>
    <ClInclude Include="Object\ScoreUI.h">
      <Filter>03. Object\03. UIObj\04. InGameUI\01. Score</Filter>
    </ClInclude>
    <ClInclude Include="Object\NumberUI.h">
      <Filter>03. Object\03. UIObj\04. InGameUI\01. Score</Filter>
    </ClInclude>
    <ClInclude Include="Scene\TestSceneTwo.h">
      <Filter>02. Scene\01. Scenes</Filter>
    </ClInclude>
    <ClInclude Include="Object\StageClearObj.h">
      <Filter>03. Object\02. StaticObj\06. StageClear</Filter>
    </ClInclude>
    <ClInclude Include="Object\PlayerLifeUI.h">
      <Filter>03. Object\03. UIObj\04. InGameUI\02. PlayerLife</Filter>
    </ClInclude>
    <ClInclude Include="Object\LifeIcon.h">
      <Filter>03. Object\03. UIObj\04. InGameUI\02. PlayerLife</Filter>
    </ClInclude>
    <ClInclude Include="Sound\SoundManager.h">
      <Filter>07. Sound</Filter>
    </ClInclude>
  </ItemGroup>
  <ItemGroup>
    <ResourceCompile Include="WinAPIGame.rc">
      <Filter>리소스 파일</Filter>
    </ResourceCompile>
  </ItemGroup>
  <ItemGroup>
    <Image Include="icon1.ico">
      <Filter>리소스 파일</Filter>
    </Image>
  </ItemGroup>
</Project>